
Microsoft Visual Studio Solution File, Format Version 12.00
Project("{FAE04EC0-301F-11D3-BF4B-00C04F79EFBC}") = "DotNet-8-Identity-Auth", "DotNet-8-Identity-Auth.csproj", "{FB7AF5B8-8E47-46DA-82C0-FDD73DBC52B4}"
EndProject
Global
	GlobalSection(SolutionConfigurationPlatforms) = preSolution
		Debug|Any CPU = Debug|Any CPU
		Release|Any CPU = Release|Any CPU
	EndGlobalSection
	GlobalSection(ProjectConfigurationPlatforms) = postSolution
		{FB7AF5B8-8E47-46DA-82C0-FDD73DBC52B4}.Debug|Any CPU.ActiveCfg = Debug|Any CPU
		{FB7AF5B8-8E47-46DA-82C0-FDD73DBC52B4}.Debug|Any CPU.Build.0 = Debug|Any CPU
		{FB7AF5B8-8E47-46DA-82C0-FDD73DBC52B4}.Release|Any CPU.ActiveCfg = Release|Any CPU
		{FB7AF5B8-8E47-46DA-82C0-FDD73DBC52B4}.Release|Any CPU.Build.0 = Release|Any CPU
	EndGlobalSection
EndGlobal
